
Microsoft Visual Studio Solution File, Format Version 12.00
# Visual Studio Version 16
VisualStudioVersion = 16.0.34114.132
MinimumVisualStudioVersion = 10.0.40219.1
Project("{2150E333-8FDC-42A3-9474-1A3956D46DE8}") = "Lecture1", "Lecture1", "{1ED849DE-FED4-44B5-A9CB-A19B05AF8309}"
EndProject
Project("{FAE04EC0-301F-11D3-BF4B-00C04F79EFBC}") = "Lecture1", "Lecture1\Lecture1\Lecture1.csproj", "{6E74BEBD-BB05-4D3D-9B30-8EFF64B6EFD3}"
EndProject
Project("{2150E333-8FDC-42A3-9474-1A3956D46DE8}") = "Lecture2", "Lecture2", "{47D22F83-F379-4A69-A9DF-B29DD5CE1707}"
EndProject
Project("{FAE04EC0-301F-11D3-BF4B-00C04F79EFBC}") = "Lectue2", "Lecture2\Lectue2\Lectue2.csproj", "{A6326AC5-105F-4C97-9D46-A07D8F287A17}"
EndProject
Project("{2150E333-8FDC-42A3-9474-1A3956D46DE8}") = "Lecture6", "Lecture6", "{7528F536-5003-4493-8C84-D6EDF9F2D01E}"
EndProject
Project("{FAE04EC0-301F-11D3-BF4B-00C04F79EFBC}") = "Lecture6.4", "Lecture6\Lecture6.4\Lecture6.4.csproj", "{B5924ABF-BB8E-412F-8625-4DDCD27FD96D}"
EndProject
Project("{FAE04EC0-301F-11D3-BF4B-00C04F79EFBC}") = "Lecture6.5", "Lecture6\Lecture6.5\Lecture6.5.csproj", "{AD8256CE-C004-45F7-9121-C44ABB17CBB2}"
EndProject
Project("{2150E333-8FDC-42A3-9474-1A3956D46DE8}") = "Lecture7", "Lecture7", "{22CFF79A-4E0C-4CFE-BCAD-2FC3435E2C83}"
EndProject
Project("{FAE04EC0-301F-11D3-BF4B-00C04F79EFBC}") = "Lecture7.1", "Lecture7\Lecture7.1\Lecture7.1.csproj", "{65FBD07C-B914-4A5E-A34B-CAAFEEA2C4DB}"
EndProject
Project("{FAE04EC0-301F-11D3-BF4B-00C04F79EFBC}") = "Lesson7.1.1", "Lecture7\Lesson7.1.1\Lesson7.1.1.csproj", "{0AB7E258-EB60-44F1-86F8-C15A9A952CCE}"
EndProject
Project("{FAE04EC0-301F-11D3-BF4B-00C04F79EFBC}") = "Lesson7.2", "Lecture7\Lesson7.2\Lesson7.2.csproj", "{64E4E889-06E6-4CF5-A5E7-9307596EE09C}"
EndProject
Project("{FAE04EC0-301F-11D3-BF4B-00C04F79EFBC}") = "Lesson7.3", "Lecture7\Lesson7.3\Lesson7.3.csproj", "{A79041EA-2908-4BA2-B156-68E604F05DD5}"
EndProject
Project("{FAE04EC0-301F-11D3-BF4B-00C04F79EFBC}") = "Lesson7.4", "Lecture7\Lesson7.4\Lesson7.4.csproj", "{87198762-D175-45CA-A1BF-E5EDD2782FEB}"
EndProject
Project("{FAE04EC0-301F-11D3-BF4B-00C04F79EFBC}") = "Lesson7.5", "Lecture7\Lesson7.5\Lesson7.5.csproj", "{435E9F93-9EA5-4B0F-8B07-48B04D004B48}"
EndProject
Project("{FAE04EC0-301F-11D3-BF4B-00C04F79EFBC}") = "Lesson7.7", "Lecture7\Lesson7.7\Lesson7.7.csproj", "{52D47E2F-FC85-4EE5-A4AA-7FA8D0D08243}"
EndProject
Project("{2150E333-8FDC-42A3-9474-1A3956D46DE8}") = "Lecture8", "Lecture8", "{EEFB8516-2670-46B5-90BD-B687F92B971F}"
EndProject
Project("{FAE04EC0-301F-11D3-BF4B-00C04F79EFBC}") = "Lecture8", "Lecture8\Lecture8\Lecture8.csproj", "{9521F592-A498-4883-B2D3-BF69A0C8F2C0}"
EndProject
Project("{FAE04EC0-301F-11D3-BF4B-00C04F79EFBC}") = "Lecture8.2", "Lecture8\Lecture8.2\Lecture8.2.csproj", "{679DACD9-2031-47CE-9114-C7853C98796D}"
EndProject
Project("{FAE04EC0-301F-11D3-BF4B-00C04F79EFBC}") = "Lecture8.3", "Lecture8\Lexture8.3\Lecture8.3.csproj", "{9434B752-1711-42B7-9117-6757AA309050}"
EndProject
Project("{FAE04EC0-301F-11D3-BF4B-00C04F79EFBC}") = "Lecture8.4", "Lecture8\Lecture8.4\Lecture8.4.csproj", "{A680E19F-F47D-451A-895B-2026EF20011C}"
EndProject
Project("{FAE04EC0-301F-11D3-BF4B-00C04F79EFBC}") = "Lecture8.5", "Lecture8\Lecture8.5\Lecture8.5.csproj", "{4BC7BA01-40C0-49AE-A744-EB4CF6DBE24D}"
EndProject
Project("{FAE04EC0-301F-11D3-BF4B-00C04F79EFBC}") = "Lecture8.6", "Lecture8\Lecture8.6\Lecture8.6.csproj", "{6B21941A-F3DC-4F72-8629-0EC364746F45}"
EndProject
Project("{2150E333-8FDC-42A3-9474-1A3956D46DE8}") = "Lecture9", "Lecture9", "{3D6EA63E-4FD5-4CA0-B7F2-0CC97FD16464}"
EndProject
Project("{FAE04EC0-301F-11D3-BF4B-00C04F79EFBC}") = "Lecture9.1", "Lecture9\Lecture9.1\Lecture9.1.csproj", "{A0C779EA-1136-4BA3-9678-DB53E7F9B263}"
EndProject
Project("{FAE04EC0-301F-11D3-BF4B-00C04F79EFBC}") = "Lecture9.2", "Lecture9\Lecture9.2\Lecture9.2.csproj", "{E4A564F8-CAF7-445D-8D6F-A94615E5BA89}"
EndProject
Project("{FAE04EC0-301F-11D3-BF4B-00C04F79EFBC}") = "Lecture9.3", "Lecture9\Lecture9.3\Lecture9.3.csproj", "{73E93A76-9987-41E2-AAD5-DD636924B288}"
EndProject
Global
	GlobalSection(SolutionConfigurationPlatforms) = preSolution
		Debug|Any CPU = Debug|Any CPU
		Release|Any CPU = Release|Any CPU
	EndGlobalSection
	GlobalSection(ProjectConfigurationPlatforms) = postSolution
		{6E74BEBD-BB05-4D3D-9B30-8EFF64B6EFD3}.Debug|Any CPU.ActiveCfg = Debug|Any CPU
		{6E74BEBD-BB05-4D3D-9B30-8EFF64B6EFD3}.Debug|Any CPU.Build.0 = Debug|Any CPU
		{6E74BEBD-BB05-4D3D-9B30-8EFF64B6EFD3}.Release|Any CPU.ActiveCfg = Release|Any CPU
		{6E74BEBD-BB05-4D3D-9B30-8EFF64B6EFD3}.Release|Any CPU.Build.0 = Release|Any CPU
		{A6326AC5-105F-4C97-9D46-A07D8F287A17}.Debug|Any CPU.ActiveCfg = Debug|Any CPU
		{A6326AC5-105F-4C97-9D46-A07D8F287A17}.Debug|Any CPU.Build.0 = Debug|Any CPU
		{A6326AC5-105F-4C97-9D46-A07D8F287A17}.Release|Any CPU.ActiveCfg = Release|Any CPU
		{A6326AC5-105F-4C97-9D46-A07D8F287A17}.Release|Any CPU.Build.0 = Release|Any CPU
		{B5924ABF-BB8E-412F-8625-4DDCD27FD96D}.Debug|Any CPU.ActiveCfg = Debug|Any CPU
		{B5924ABF-BB8E-412F-8625-4DDCD27FD96D}.Debug|Any CPU.Build.0 = Debug|Any CPU
		{B5924ABF-BB8E-412F-8625-4DDCD27FD96D}.Release|Any CPU.ActiveCfg = Release|Any CPU
		{B5924ABF-BB8E-412F-8625-4DDCD27FD96D}.Release|Any CPU.Build.0 = Release|Any CPU
		{AD8256CE-C004-45F7-9121-C44ABB17CBB2}.Debug|Any CPU.ActiveCfg = Debug|Any CPU
		{AD8256CE-C004-45F7-9121-C44ABB17CBB2}.Debug|Any CPU.Build.0 = Debug|Any CPU
		{AD8256CE-C004-45F7-9121-C44ABB17CBB2}.Release|Any CPU.ActiveCfg = Release|Any CPU
		{AD8256CE-C004-45F7-9121-C44ABB17CBB2}.Release|Any CPU.Build.0 = Release|Any CPU
		{65FBD07C-B914-4A5E-A34B-CAAFEEA2C4DB}.Debug|Any CPU.ActiveCfg = Debug|Any CPU
		{65FBD07C-B914-4A5E-A34B-CAAFEEA2C4DB}.Debug|Any CPU.Build.0 = Debug|Any CPU
		{65FBD07C-B914-4A5E-A34B-CAAFEEA2C4DB}.Release|Any CPU.ActiveCfg = Release|Any CPU
		{65FBD07C-B914-4A5E-A34B-CAAFEEA2C4DB}.Release|Any CPU.Build.0 = Release|Any CPU
		{0AB7E258-EB60-44F1-86F8-C15A9A952CCE}.Debug|Any CPU.ActiveCfg = Debug|Any CPU
		{0AB7E258-EB60-44F1-86F8-C15A9A952CCE}.Debug|Any CPU.Build.0 = Debug|Any CPU
		{0AB7E258-EB60-44F1-86F8-C15A9A952CCE}.Release|Any CPU.ActiveCfg = Release|Any CPU
		{0AB7E258-EB60-44F1-86F8-C15A9A952CCE}.Release|Any CPU.Build.0 = Release|Any CPU
		{64E4E889-06E6-4CF5-A5E7-9307596EE09C}.Debug|Any CPU.ActiveCfg = Debug|Any CPU
		{64E4E889-06E6-4CF5-A5E7-9307596EE09C}.Debug|Any CPU.Build.0 = Debug|Any CPU
		{64E4E889-06E6-4CF5-A5E7-9307596EE09C}.Release|Any CPU.ActiveCfg = Release|Any CPU
		{64E4E889-06E6-4CF5-A5E7-9307596EE09C}.Release|Any CPU.Build.0 = Release|Any CPU
		{A79041EA-2908-4BA2-B156-68E604F05DD5}.Debug|Any CPU.ActiveCfg = Debug|Any CPU
		{A79041EA-2908-4BA2-B156-68E604F05DD5}.Debug|Any CPU.Build.0 = Debug|Any CPU
		{A79041EA-2908-4BA2-B156-68E604F05DD5}.Release|Any CPU.ActiveCfg = Release|Any CPU
		{A79041EA-2908-4BA2-B156-68E604F05DD5}.Release|Any CPU.Build.0 = Release|Any CPU
		{87198762-D175-45CA-A1BF-E5EDD2782FEB}.Debug|Any CPU.ActiveCfg = Debug|Any CPU
		{87198762-D175-45CA-A1BF-E5EDD2782FEB}.Debug|Any CPU.Build.0 = Debug|Any CPU
		{87198762-D175-45CA-A1BF-E5EDD2782FEB}.Release|Any CPU.ActiveCfg = Release|Any CPU
		{87198762-D175-45CA-A1BF-E5EDD2782FEB}.Release|Any CPU.Build.0 = Release|Any CPU
		{435E9F93-9EA5-4B0F-8B07-48B04D004B48}.Debug|Any CPU.ActiveCfg = Debug|Any CPU
		{435E9F93-9EA5-4B0F-8B07-48B04D004B48}.Debug|Any CPU.Build.0 = Debug|Any CPU
		{435E9F93-9EA5-4B0F-8B07-48B04D004B48}.Release|Any CPU.ActiveCfg = Release|Any CPU
		{435E9F93-9EA5-4B0F-8B07-48B04D004B48}.Release|Any CPU.Build.0 = Release|Any CPU
		{52D47E2F-FC85-4EE5-A4AA-7FA8D0D08243}.Debug|Any CPU.ActiveCfg = Debug|Any CPU
		{52D47E2F-FC85-4EE5-A4AA-7FA8D0D08243}.Debug|Any CPU.Build.0 = Debug|Any CPU
		{52D47E2F-FC85-4EE5-A4AA-7FA8D0D08243}.Release|Any CPU.ActiveCfg = Release|Any CPU
		{52D47E2F-FC85-4EE5-A4AA-7FA8D0D08243}.Release|Any CPU.Build.0 = Release|Any CPU
		{9521F592-A498-4883-B2D3-BF69A0C8F2C0}.Debug|Any CPU.ActiveCfg = Debug|Any CPU
		{9521F592-A498-4883-B2D3-BF69A0C8F2C0}.Debug|Any CPU.Build.0 = Debug|Any CPU
		{9521F592-A498-4883-B2D3-BF69A0C8F2C0}.Release|Any CPU.ActiveCfg = Release|Any CPU
		{9521F592-A498-4883-B2D3-BF69A0C8F2C0}.Release|Any CPU.Build.0 = Release|Any CPU
		{679DACD9-2031-47CE-9114-C7853C98796D}.Debug|Any CPU.ActiveCfg = Debug|Any CPU
		{679DACD9-2031-47CE-9114-C7853C98796D}.Debug|Any CPU.Build.0 = Debug|Any CPU
		{679DACD9-2031-47CE-9114-C7853C98796D}.Release|Any CPU.ActiveCfg = Release|Any CPU
		{679DACD9-2031-47CE-9114-C7853C98796D}.Release|Any CPU.Build.0 = Release|Any CPU
		{9434B752-1711-42B7-9117-6757AA309050}.Debug|Any CPU.ActiveCfg = Debug|Any CPU
		{9434B752-1711-42B7-9117-6757AA309050}.Debug|Any CPU.Build.0 = Debug|Any CPU
		{9434B752-1711-42B7-9117-6757AA309050}.Release|Any CPU.ActiveCfg = Release|Any CPU
		{9434B752-1711-42B7-9117-6757AA309050}.Release|Any CPU.Build.0 = Release|Any CPU
		{A680E19F-F47D-451A-895B-2026EF20011C}.Debug|Any CPU.ActiveCfg = Debug|Any CPU
		{A680E19F-F47D-451A-895B-2026EF20011C}.Debug|Any CPU.Build.0 = Debug|Any CPU
		{A680E19F-F47D-451A-895B-2026EF20011C}.Release|Any CPU.ActiveCfg = Release|Any CPU
		{A680E19F-F47D-451A-895B-2026EF20011C}.Release|Any CPU.Build.0 = Release|Any CPU
		{4BC7BA01-40C0-49AE-A744-EB4CF6DBE24D}.Debug|Any CPU.ActiveCfg = Debug|Any CPU
		{4BC7BA01-40C0-49AE-A744-EB4CF6DBE24D}.Debug|Any CPU.Build.0 = Debug|Any CPU
		{4BC7BA01-40C0-49AE-A744-EB4CF6DBE24D}.Release|Any CPU.ActiveCfg = Release|Any CPU
		{4BC7BA01-40C0-49AE-A744-EB4CF6DBE24D}.Release|Any CPU.Build.0 = Release|Any CPU
		{6B21941A-F3DC-4F72-8629-0EC364746F45}.Debug|Any CPU.ActiveCfg = Debug|Any CPU
		{6B21941A-F3DC-4F72-8629-0EC364746F45}.Debug|Any CPU.Build.0 = Debug|Any CPU
		{6B21941A-F3DC-4F72-8629-0EC364746F45}.Release|Any CPU.ActiveCfg = Release|Any CPU
		{6B21941A-F3DC-4F72-8629-0EC364746F45}.Release|Any CPU.Build.0 = Release|Any CPU
		{A0C779EA-1136-4BA3-9678-DB53E7F9B263}.Debug|Any CPU.ActiveCfg = Debug|Any CPU
		{A0C779EA-1136-4BA3-9678-DB53E7F9B263}.Debug|Any CPU.Build.0 = Debug|Any CPU
		{A0C779EA-1136-4BA3-9678-DB53E7F9B263}.Release|Any CPU.ActiveCfg = Release|Any CPU
		{A0C779EA-1136-4BA3-9678-DB53E7F9B263}.Release|Any CPU.Build.0 = Release|Any CPU
		{E4A564F8-CAF7-445D-8D6F-A94615E5BA89}.Debug|Any CPU.ActiveCfg = Debug|Any CPU
		{E4A564F8-CAF7-445D-8D6F-A94615E5BA89}.Debug|Any CPU.Build.0 = Debug|Any CPU
		{E4A564F8-CAF7-445D-8D6F-A94615E5BA89}.Release|Any CPU.ActiveCfg = Release|Any CPU
		{E4A564F8-CAF7-445D-8D6F-A94615E5BA89}.Release|Any CPU.Build.0 = Release|Any CPU
		{73E93A76-9987-41E2-AAD5-DD636924B288}.Debug|Any CPU.ActiveCfg = Debug|Any CPU
		{73E93A76-9987-41E2-AAD5-DD636924B288}.Debug|Any CPU.Build.0 = Debug|Any CPU
		{73E93A76-9987-41E2-AAD5-DD636924B288}.Release|Any CPU.ActiveCfg = Release|Any CPU
		{73E93A76-9987-41E2-AAD5-DD636924B288}.Release|Any CPU.Build.0 = Release|Any CPU
	EndGlobalSection
	GlobalSection(SolutionProperties) = preSolution
		HideSolutionNode = FALSE
	EndGlobalSection
	GlobalSection(NestedProjects) = preSolution
		{6E74BEBD-BB05-4D3D-9B30-8EFF64B6EFD3} = {1ED849DE-FED4-44B5-A9CB-A19B05AF8309}
		{A6326AC5-105F-4C97-9D46-A07D8F287A17} = {47D22F83-F379-4A69-A9DF-B29DD5CE1707}
		{B5924ABF-BB8E-412F-8625-4DDCD27FD96D} = {7528F536-5003-4493-8C84-D6EDF9F2D01E}
		{AD8256CE-C004-45F7-9121-C44ABB17CBB2} = {7528F536-5003-4493-8C84-D6EDF9F2D01E}
		{65FBD07C-B914-4A5E-A34B-CAAFEEA2C4DB} = {22CFF79A-4E0C-4CFE-BCAD-2FC3435E2C83}
		{0AB7E258-EB60-44F1-86F8-C15A9A952CCE} = {22CFF79A-4E0C-4CFE-BCAD-2FC3435E2C83}
		{64E4E889-06E6-4CF5-A5E7-9307596EE09C} = {22CFF79A-4E0C-4CFE-BCAD-2FC3435E2C83}
		{A79041EA-2908-4BA2-B156-68E604F05DD5} = {22CFF79A-4E0C-4CFE-BCAD-2FC3435E2C83}
		{87198762-D175-45CA-A1BF-E5EDD2782FEB} = {22CFF79A-4E0C-4CFE-BCAD-2FC3435E2C83}
		{435E9F93-9EA5-4B0F-8B07-48B04D004B48} = {22CFF79A-4E0C-4CFE-BCAD-2FC3435E2C83}
		{52D47E2F-FC85-4EE5-A4AA-7FA8D0D08243} = {22CFF79A-4E0C-4CFE-BCAD-2FC3435E2C83}
		{9521F592-A498-4883-B2D3-BF69A0C8F2C0} = {EEFB8516-2670-46B5-90BD-B687F92B971F}
		{679DACD9-2031-47CE-9114-C7853C98796D} = {EEFB8516-2670-46B5-90BD-B687F92B971F}
		{9434B752-1711-42B7-9117-6757AA309050} = {EEFB8516-2670-46B5-90BD-B687F92B971F}
		{A680E19F-F47D-451A-895B-2026EF20011C} = {EEFB8516-2670-46B5-90BD-B687F92B971F}
		{4BC7BA01-40C0-49AE-A744-EB4CF6DBE24D} = {EEFB8516-2670-46B5-90BD-B687F92B971F}
		{6B21941A-F3DC-4F72-8629-0EC364746F45} = {EEFB8516-2670-46B5-90BD-B687F92B971F}
		{A0C779EA-1136-4BA3-9678-DB53E7F9B263} = {3D6EA63E-4FD5-4CA0-B7F2-0CC97FD16464}
		{E4A564F8-CAF7-445D-8D6F-A94615E5BA89} = {3D6EA63E-4FD5-4CA0-B7F2-0CC97FD16464}
		{73E93A76-9987-41E2-AAD5-DD636924B288} = {3D6EA63E-4FD5-4CA0-B7F2-0CC97FD16464}
	EndGlobalSection
	GlobalSection(ExtensibilityGlobals) = postSolution
		SolutionGuid = {D41FD2D0-CF92-4C75-980E-F46DF6EE2BAD}
	EndGlobalSection
EndGlobal
