
Microsoft Visual Studio Solution File, Format Version 12.00
# Visual Studio Version 16
VisualStudioVersion = 16.0.34114.132
MinimumVisualStudioVersion = 10.0.40219.1
Project("{2150E333-8FDC-42A3-9474-1A3956D46DE8}") = "Lecture1", "Lecture1", "{1ED849DE-FED4-44B5-A9CB-A19B05AF8309}"
EndProject
Project("{FAE04EC0-301F-11D3-BF4B-00C04F79EFBC}") = "Lecture1", "Lecture1\Lecture1\Lecture1.csproj", "{6E74BEBD-BB05-4D3D-9B30-8EFF64B6EFD3}"
EndProject
Project("{2150E333-8FDC-42A3-9474-1A3956D46DE8}") = "Lecture2", "Lecture2", "{47D22F83-F379-4A69-A9DF-B29DD5CE1707}"
EndProject
Project("{FAE04EC0-301F-11D3-BF4B-00C04F79EFBC}") = "Lectue2", "Lecture2\Lectue2\Lectue2.csproj", "{A6326AC5-105F-4C97-9D46-A07D8F287A17}"
EndProject
Project("{2150E333-8FDC-42A3-9474-1A3956D46DE8}") = "Lecture6", "Lecture6", "{7528F536-5003-4493-8C84-D6EDF9F2D01E}"
EndProject
Project("{FAE04EC0-301F-11D3-BF4B-00C04F79EFBC}") = "Lecture6.4", "Lecture6\Lecture6.4\Lecture6.4.csproj", "{B5924ABF-BB8E-412F-8625-4DDCD27FD96D}"
EndProject
Global
	GlobalSection(SolutionConfigurationPlatforms) = preSolution
		Debug|Any CPU = Debug|Any CPU
		Release|Any CPU = Release|Any CPU
	EndGlobalSection
	GlobalSection(ProjectConfigurationPlatforms) = postSolution
		{6E74BEBD-BB05-4D3D-9B30-8EFF64B6EFD3}.Debug|Any CPU.ActiveCfg = Debug|Any CPU
		{6E74BEBD-BB05-4D3D-9B30-8EFF64B6EFD3}.Debug|Any CPU.Build.0 = Debug|Any CPU
		{6E74BEBD-BB05-4D3D-9B30-8EFF64B6EFD3}.Release|Any CPU.ActiveCfg = Release|Any CPU
		{6E74BEBD-BB05-4D3D-9B30-8EFF64B6EFD3}.Release|Any CPU.Build.0 = Release|Any CPU
		{A6326AC5-105F-4C97-9D46-A07D8F287A17}.Debug|Any CPU.ActiveCfg = Debug|Any CPU
		{A6326AC5-105F-4C97-9D46-A07D8F287A17}.Debug|Any CPU.Build.0 = Debug|Any CPU
		{A6326AC5-105F-4C97-9D46-A07D8F287A17}.Release|Any CPU.ActiveCfg = Release|Any CPU
		{A6326AC5-105F-4C97-9D46-A07D8F287A17}.Release|Any CPU.Build.0 = Release|Any CPU
		{B5924ABF-BB8E-412F-8625-4DDCD27FD96D}.Debug|Any CPU.ActiveCfg = Debug|Any CPU
		{B5924ABF-BB8E-412F-8625-4DDCD27FD96D}.Debug|Any CPU.Build.0 = Debug|Any CPU
		{B5924ABF-BB8E-412F-8625-4DDCD27FD96D}.Release|Any CPU.ActiveCfg = Release|Any CPU
		{B5924ABF-BB8E-412F-8625-4DDCD27FD96D}.Release|Any CPU.Build.0 = Release|Any CPU
	EndGlobalSection
	GlobalSection(SolutionProperties) = preSolution
		HideSolutionNode = FALSE
	EndGlobalSection
	GlobalSection(NestedProjects) = preSolution
		{6E74BEBD-BB05-4D3D-9B30-8EFF64B6EFD3} = {1ED849DE-FED4-44B5-A9CB-A19B05AF8309}
		{A6326AC5-105F-4C97-9D46-A07D8F287A17} = {47D22F83-F379-4A69-A9DF-B29DD5CE1707}
		{B5924ABF-BB8E-412F-8625-4DDCD27FD96D} = {7528F536-5003-4493-8C84-D6EDF9F2D01E}
	EndGlobalSection
	GlobalSection(ExtensibilityGlobals) = postSolution
		SolutionGuid = {D41FD2D0-CF92-4C75-980E-F46DF6EE2BAD}
	EndGlobalSection
EndGlobal
