
Microsoft Visual Studio Solution File, Format Version 12.00
# Visual Studio Version 16
VisualStudioVersion = 16.0.34114.132
MinimumVisualStudioVersion = 10.0.40219.1
Project("{2150E333-8FDC-42A3-9474-1A3956D46DE8}") = "HomeWork1", "HomeWork1", "{AB208BFE-93F4-4AF5-A329-99689AA8BEE3}"
EndProject
Project("{FAE04EC0-301F-11D3-BF4B-00C04F79EFBC}") = "HomeWork1", "HomeWork1\HomeWork1.csproj", "{EDAA5523-F8A9-4F2C-BC9D-A201A3889A21}"
EndProject
Project("{2150E333-8FDC-42A3-9474-1A3956D46DE8}") = "HomeWork2", "HomeWork2", "{1B420CBD-6B3F-46AB-9892-C7A747B44950}"
EndProject
Project("{FAE04EC0-301F-11D3-BF4B-00C04F79EFBC}") = "HomeWork2", "HomeWork2\HomeWork2.csproj", "{004D7090-D3D1-42CE-A8EC-D9EF6E4B5350}"
EndProject
Project("{2150E333-8FDC-42A3-9474-1A3956D46DE8}") = "HomeWork3", "HomeWork3", "{BE18E479-3D51-440F-BFBB-D05325488020}"
EndProject
Project("{FAE04EC0-301F-11D3-BF4B-00C04F79EFBC}") = "HomeWork3", "HomeWork3\HomeWork3.csproj", "{233E2C1D-AD0E-408B-B7EA-4ECCC4521CBF}"
EndProject
Project("{2150E333-8FDC-42A3-9474-1A3956D46DE8}") = "HomeWork7", "HomeWork7", "{71FB6CED-62C0-4487-8818-D97DB22165A3}"
EndProject
Project("{FAE04EC0-301F-11D3-BF4B-00C04F79EFBC}") = "HomeWork7", "HomeWork7\HomeWork7\HomeWork7.csproj", "{8265CF4E-CF67-4FC8-88F1-9806CC6D6545}"
EndProject
Project("{2150E333-8FDC-42A3-9474-1A3956D46DE8}") = "HomeWork6", "HomeWork6", "{F035F56F-56F4-4549-933C-1C85F985F014}"
EndProject
Project("{FAE04EC0-301F-11D3-BF4B-00C04F79EFBC}") = "HomeWork6", "HomeWork6\HomeWork6\HomeWork6.csproj", "{702C0A2A-8BE0-4946-8E5A-FC8A54561267}"
EndProject
Global
	GlobalSection(SolutionConfigurationPlatforms) = preSolution
		Debug|Any CPU = Debug|Any CPU
		Release|Any CPU = Release|Any CPU
	EndGlobalSection
	GlobalSection(ProjectConfigurationPlatforms) = postSolution
		{EDAA5523-F8A9-4F2C-BC9D-A201A3889A21}.Debug|Any CPU.ActiveCfg = Debug|Any CPU
		{EDAA5523-F8A9-4F2C-BC9D-A201A3889A21}.Debug|Any CPU.Build.0 = Debug|Any CPU
		{EDAA5523-F8A9-4F2C-BC9D-A201A3889A21}.Release|Any CPU.ActiveCfg = Release|Any CPU
		{EDAA5523-F8A9-4F2C-BC9D-A201A3889A21}.Release|Any CPU.Build.0 = Release|Any CPU
		{004D7090-D3D1-42CE-A8EC-D9EF6E4B5350}.Debug|Any CPU.ActiveCfg = Debug|Any CPU
		{004D7090-D3D1-42CE-A8EC-D9EF6E4B5350}.Debug|Any CPU.Build.0 = Debug|Any CPU
		{004D7090-D3D1-42CE-A8EC-D9EF6E4B5350}.Release|Any CPU.ActiveCfg = Release|Any CPU
		{004D7090-D3D1-42CE-A8EC-D9EF6E4B5350}.Release|Any CPU.Build.0 = Release|Any CPU
		{233E2C1D-AD0E-408B-B7EA-4ECCC4521CBF}.Debug|Any CPU.ActiveCfg = Debug|Any CPU
		{233E2C1D-AD0E-408B-B7EA-4ECCC4521CBF}.Debug|Any CPU.Build.0 = Debug|Any CPU
		{233E2C1D-AD0E-408B-B7EA-4ECCC4521CBF}.Release|Any CPU.ActiveCfg = Release|Any CPU
		{233E2C1D-AD0E-408B-B7EA-4ECCC4521CBF}.Release|Any CPU.Build.0 = Release|Any CPU
		{8265CF4E-CF67-4FC8-88F1-9806CC6D6545}.Debug|Any CPU.ActiveCfg = Debug|Any CPU
		{8265CF4E-CF67-4FC8-88F1-9806CC6D6545}.Debug|Any CPU.Build.0 = Debug|Any CPU
		{8265CF4E-CF67-4FC8-88F1-9806CC6D6545}.Release|Any CPU.ActiveCfg = Release|Any CPU
		{8265CF4E-CF67-4FC8-88F1-9806CC6D6545}.Release|Any CPU.Build.0 = Release|Any CPU
		{702C0A2A-8BE0-4946-8E5A-FC8A54561267}.Debug|Any CPU.ActiveCfg = Debug|Any CPU
		{702C0A2A-8BE0-4946-8E5A-FC8A54561267}.Debug|Any CPU.Build.0 = Debug|Any CPU
		{702C0A2A-8BE0-4946-8E5A-FC8A54561267}.Release|Any CPU.ActiveCfg = Release|Any CPU
		{702C0A2A-8BE0-4946-8E5A-FC8A54561267}.Release|Any CPU.Build.0 = Release|Any CPU
	EndGlobalSection
	GlobalSection(SolutionProperties) = preSolution
		HideSolutionNode = FALSE
	EndGlobalSection
	GlobalSection(NestedProjects) = preSolution
		{EDAA5523-F8A9-4F2C-BC9D-A201A3889A21} = {AB208BFE-93F4-4AF5-A329-99689AA8BEE3}
		{004D7090-D3D1-42CE-A8EC-D9EF6E4B5350} = {1B420CBD-6B3F-46AB-9892-C7A747B44950}
		{233E2C1D-AD0E-408B-B7EA-4ECCC4521CBF} = {BE18E479-3D51-440F-BFBB-D05325488020}
		{8265CF4E-CF67-4FC8-88F1-9806CC6D6545} = {71FB6CED-62C0-4487-8818-D97DB22165A3}
		{702C0A2A-8BE0-4946-8E5A-FC8A54561267} = {F035F56F-56F4-4549-933C-1C85F985F014}
	EndGlobalSection
	GlobalSection(ExtensibilityGlobals) = postSolution
		SolutionGuid = {4EB24F1A-EE02-4271-AC47-ABACA4EA4C79}
	EndGlobalSection
EndGlobal
