
Microsoft Visual Studio Solution File, Format Version 12.00
# Visual Studio Version 16
VisualStudioVersion = 16.0.34114.132
MinimumVisualStudioVersion = 10.0.40219.1
Project("{2150E333-8FDC-42A3-9474-1A3956D46DE8}") = "HomeWork1", "HomeWork1", "{AB208BFE-93F4-4AF5-A329-99689AA8BEE3}"
EndProject
Project("{FAE04EC0-301F-11D3-BF4B-00C04F79EFBC}") = "HomeWork1", "HomeWork1\HomeWork1.csproj", "{EDAA5523-F8A9-4F2C-BC9D-A201A3889A21}"
EndProject
Project("{2150E333-8FDC-42A3-9474-1A3956D46DE8}") = "HomeWork2", "HomeWork2", "{1B420CBD-6B3F-46AB-9892-C7A747B44950}"
EndProject
Project("{FAE04EC0-301F-11D3-BF4B-00C04F79EFBC}") = "HomeWork2", "HomeWork2\HomeWork2.csproj", "{004D7090-D3D1-42CE-A8EC-D9EF6E4B5350}"
EndProject
Project("{2150E333-8FDC-42A3-9474-1A3956D46DE8}") = "HomeWork3", "HomeWork3", "{BE18E479-3D51-440F-BFBB-D05325488020}"
EndProject
Project("{FAE04EC0-301F-11D3-BF4B-00C04F79EFBC}") = "HomeWork3", "HomeWork3\HomeWork3.csproj", "{233E2C1D-AD0E-408B-B7EA-4ECCC4521CBF}"
EndProject
Project("{2150E333-8FDC-42A3-9474-1A3956D46DE8}") = "HomeWork6", "HomeWork6", "{F035F56F-56F4-4549-933C-1C85F985F014}"
EndProject
Project("{FAE04EC0-301F-11D3-BF4B-00C04F79EFBC}") = "HomeWork6", "HomeWork6\HomeWork6\HomeWork6.csproj", "{702C0A2A-8BE0-4946-8E5A-FC8A54561267}"
EndProject
Project("{2150E333-8FDC-42A3-9474-1A3956D46DE8}") = "HomeWork7", "HomeWork7", "{8C9B73FF-93BB-49E3-994E-D7DA350D55BC}"
EndProject
Project("{FAE04EC0-301F-11D3-BF4B-00C04F79EFBC}") = "HomeWork7", "HomeWork7\HomeWork7\HomeWork7.csproj", "{33FCAD99-4C6D-42CF-A214-D27B45F41955}"
EndProject
Project("{2150E333-8FDC-42A3-9474-1A3956D46DE8}") = "HomeWork7.1", "HomeWork7.1", "{D4EFEF62-17E8-4FAC-B1E3-429C4CBB34CC}"
	ProjectSection(SolutionItems) = preProject
		HomeWork7\HomeWork7\App.config = HomeWork7\HomeWork7\App.config
	EndProjectSection
EndProject
Project("{FAE04EC0-301F-11D3-BF4B-00C04F79EFBC}") = "HomeWork7.1", "HomeWork7.1\HomeWork7.1\HomeWork7.1.csproj", "{B37A26D4-93D8-40F0-AD50-590CF44BDB46}"
EndProject
Project("{2150E333-8FDC-42A3-9474-1A3956D46DE8}") = "HomeWork8", "HomeWork8", "{E95A4F16-41D1-453E-B094-51F874480065}"
EndProject
Project("{FAE04EC0-301F-11D3-BF4B-00C04F79EFBC}") = "HomeWork8.1", "HomeWork8\HomeWork8.1\HomeWork8.1.csproj", "{90255C4F-D5C9-4349-94D0-B09C211A0F2C}"
EndProject
Project("{FAE04EC0-301F-11D3-BF4B-00C04F79EFBC}") = "HomeWork8.2", "HomeWork8\HomeWork8.2\HomeWork8.2.csproj", "{BA1DFD47-CCF6-4179-B9BB-3F47E134B203}"
EndProject
Project("{FAE04EC0-301F-11D3-BF4B-00C04F79EFBC}") = "HomeWork8.3", "HomeWork8\HomeWork8.3\HomeWork8.3.csproj", "{8267173E-3B11-4E26-A3CB-7996221FE889}"
EndProject
Project("{FAE04EC0-301F-11D3-BF4B-00C04F79EFBC}") = "HomeWork8.4", "HomeWork8\HomeWork8.4\HomeWork8.4.csproj", "{7F25D3B8-00BE-440F-8893-12F724B6EC42}"
EndProject
Project("{FAE04EC0-301F-11D3-BF4B-00C04F79EFBC}") = "HomeWork8.4.1", "HomeWork8\HomeWork8.4.1\HomeWork8.4.1.csproj", "{055FC866-2BD5-4CE2-8145-54B11C3C0E97}"
EndProject
Global
	GlobalSection(SolutionConfigurationPlatforms) = preSolution
		Debug|Any CPU = Debug|Any CPU
		Release|Any CPU = Release|Any CPU
	EndGlobalSection
	GlobalSection(ProjectConfigurationPlatforms) = postSolution
		{EDAA5523-F8A9-4F2C-BC9D-A201A3889A21}.Debug|Any CPU.ActiveCfg = Debug|Any CPU
		{EDAA5523-F8A9-4F2C-BC9D-A201A3889A21}.Debug|Any CPU.Build.0 = Debug|Any CPU
		{EDAA5523-F8A9-4F2C-BC9D-A201A3889A21}.Release|Any CPU.ActiveCfg = Release|Any CPU
		{EDAA5523-F8A9-4F2C-BC9D-A201A3889A21}.Release|Any CPU.Build.0 = Release|Any CPU
		{004D7090-D3D1-42CE-A8EC-D9EF6E4B5350}.Debug|Any CPU.ActiveCfg = Debug|Any CPU
		{004D7090-D3D1-42CE-A8EC-D9EF6E4B5350}.Debug|Any CPU.Build.0 = Debug|Any CPU
		{004D7090-D3D1-42CE-A8EC-D9EF6E4B5350}.Release|Any CPU.ActiveCfg = Release|Any CPU
		{004D7090-D3D1-42CE-A8EC-D9EF6E4B5350}.Release|Any CPU.Build.0 = Release|Any CPU
		{233E2C1D-AD0E-408B-B7EA-4ECCC4521CBF}.Debug|Any CPU.ActiveCfg = Debug|Any CPU
		{233E2C1D-AD0E-408B-B7EA-4ECCC4521CBF}.Debug|Any CPU.Build.0 = Debug|Any CPU
		{233E2C1D-AD0E-408B-B7EA-4ECCC4521CBF}.Release|Any CPU.ActiveCfg = Release|Any CPU
		{233E2C1D-AD0E-408B-B7EA-4ECCC4521CBF}.Release|Any CPU.Build.0 = Release|Any CPU
		{702C0A2A-8BE0-4946-8E5A-FC8A54561267}.Debug|Any CPU.ActiveCfg = Debug|Any CPU
		{702C0A2A-8BE0-4946-8E5A-FC8A54561267}.Debug|Any CPU.Build.0 = Debug|Any CPU
		{702C0A2A-8BE0-4946-8E5A-FC8A54561267}.Release|Any CPU.ActiveCfg = Release|Any CPU
		{702C0A2A-8BE0-4946-8E5A-FC8A54561267}.Release|Any CPU.Build.0 = Release|Any CPU
		{33FCAD99-4C6D-42CF-A214-D27B45F41955}.Debug|Any CPU.ActiveCfg = Debug|Any CPU
		{33FCAD99-4C6D-42CF-A214-D27B45F41955}.Debug|Any CPU.Build.0 = Debug|Any CPU
		{33FCAD99-4C6D-42CF-A214-D27B45F41955}.Release|Any CPU.ActiveCfg = Release|Any CPU
		{33FCAD99-4C6D-42CF-A214-D27B45F41955}.Release|Any CPU.Build.0 = Release|Any CPU
		{B37A26D4-93D8-40F0-AD50-590CF44BDB46}.Debug|Any CPU.ActiveCfg = Debug|Any CPU
		{B37A26D4-93D8-40F0-AD50-590CF44BDB46}.Debug|Any CPU.Build.0 = Debug|Any CPU
		{B37A26D4-93D8-40F0-AD50-590CF44BDB46}.Release|Any CPU.ActiveCfg = Release|Any CPU
		{B37A26D4-93D8-40F0-AD50-590CF44BDB46}.Release|Any CPU.Build.0 = Release|Any CPU
		{90255C4F-D5C9-4349-94D0-B09C211A0F2C}.Debug|Any CPU.ActiveCfg = Debug|Any CPU
		{90255C4F-D5C9-4349-94D0-B09C211A0F2C}.Debug|Any CPU.Build.0 = Debug|Any CPU
		{90255C4F-D5C9-4349-94D0-B09C211A0F2C}.Release|Any CPU.ActiveCfg = Release|Any CPU
		{90255C4F-D5C9-4349-94D0-B09C211A0F2C}.Release|Any CPU.Build.0 = Release|Any CPU
		{BA1DFD47-CCF6-4179-B9BB-3F47E134B203}.Debug|Any CPU.ActiveCfg = Debug|Any CPU
		{BA1DFD47-CCF6-4179-B9BB-3F47E134B203}.Debug|Any CPU.Build.0 = Debug|Any CPU
		{BA1DFD47-CCF6-4179-B9BB-3F47E134B203}.Release|Any CPU.ActiveCfg = Release|Any CPU
		{BA1DFD47-CCF6-4179-B9BB-3F47E134B203}.Release|Any CPU.Build.0 = Release|Any CPU
		{8267173E-3B11-4E26-A3CB-7996221FE889}.Debug|Any CPU.ActiveCfg = Debug|Any CPU
		{8267173E-3B11-4E26-A3CB-7996221FE889}.Debug|Any CPU.Build.0 = Debug|Any CPU
		{8267173E-3B11-4E26-A3CB-7996221FE889}.Release|Any CPU.ActiveCfg = Release|Any CPU
		{8267173E-3B11-4E26-A3CB-7996221FE889}.Release|Any CPU.Build.0 = Release|Any CPU
		{7F25D3B8-00BE-440F-8893-12F724B6EC42}.Debug|Any CPU.ActiveCfg = Debug|Any CPU
		{7F25D3B8-00BE-440F-8893-12F724B6EC42}.Debug|Any CPU.Build.0 = Debug|Any CPU
		{7F25D3B8-00BE-440F-8893-12F724B6EC42}.Release|Any CPU.ActiveCfg = Release|Any CPU
		{7F25D3B8-00BE-440F-8893-12F724B6EC42}.Release|Any CPU.Build.0 = Release|Any CPU
		{055FC866-2BD5-4CE2-8145-54B11C3C0E97}.Debug|Any CPU.ActiveCfg = Debug|Any CPU
		{055FC866-2BD5-4CE2-8145-54B11C3C0E97}.Debug|Any CPU.Build.0 = Debug|Any CPU
		{055FC866-2BD5-4CE2-8145-54B11C3C0E97}.Release|Any CPU.ActiveCfg = Release|Any CPU
		{055FC866-2BD5-4CE2-8145-54B11C3C0E97}.Release|Any CPU.Build.0 = Release|Any CPU
	EndGlobalSection
	GlobalSection(SolutionProperties) = preSolution
		HideSolutionNode = FALSE
	EndGlobalSection
	GlobalSection(NestedProjects) = preSolution
		{EDAA5523-F8A9-4F2C-BC9D-A201A3889A21} = {AB208BFE-93F4-4AF5-A329-99689AA8BEE3}
		{004D7090-D3D1-42CE-A8EC-D9EF6E4B5350} = {1B420CBD-6B3F-46AB-9892-C7A747B44950}
		{233E2C1D-AD0E-408B-B7EA-4ECCC4521CBF} = {BE18E479-3D51-440F-BFBB-D05325488020}
		{702C0A2A-8BE0-4946-8E5A-FC8A54561267} = {F035F56F-56F4-4549-933C-1C85F985F014}
		{33FCAD99-4C6D-42CF-A214-D27B45F41955} = {8C9B73FF-93BB-49E3-994E-D7DA350D55BC}
		{B37A26D4-93D8-40F0-AD50-590CF44BDB46} = {D4EFEF62-17E8-4FAC-B1E3-429C4CBB34CC}
		{90255C4F-D5C9-4349-94D0-B09C211A0F2C} = {E95A4F16-41D1-453E-B094-51F874480065}
		{BA1DFD47-CCF6-4179-B9BB-3F47E134B203} = {E95A4F16-41D1-453E-B094-51F874480065}
		{8267173E-3B11-4E26-A3CB-7996221FE889} = {E95A4F16-41D1-453E-B094-51F874480065}
		{7F25D3B8-00BE-440F-8893-12F724B6EC42} = {E95A4F16-41D1-453E-B094-51F874480065}
		{055FC866-2BD5-4CE2-8145-54B11C3C0E97} = {E95A4F16-41D1-453E-B094-51F874480065}
	EndGlobalSection
	GlobalSection(ExtensibilityGlobals) = postSolution
		SolutionGuid = {4EB24F1A-EE02-4271-AC47-ABACA4EA4C79}
	EndGlobalSection
EndGlobal
